
Microsoft Visual Studio Solution File, Format Version 12.00
# Visual Studio Version 16
VisualStudioVersion = 16.0.31105.61
MinimumVisualStudioVersion = 10.0.40219.1
Project("{9A19103F-16F7-4668-BE54-9A1E7A4F7556}") = "AuthMicroservice.WebAPI", "AuthMicroservice.WebAPI\AuthMicroservice.WebAPI.csproj", "{B0DD3007-FE10-4B85-B2F2-532D399923EC}"
EndProject
Project("{9A19103F-16F7-4668-BE54-9A1E7A4F7556}") = "AuthMicroservice.Data", "AuthMicroservice.Data\AuthMicroservice.Data.csproj", "{64164CB2-055A-433C-A02F-10F7619B7483}"
EndProject
Project("{9A19103F-16F7-4668-BE54-9A1E7A4F7556}") = "AuthMicroservice.Domain", "AuthMicroservice.Domain\AuthMicroservice.Domain.csproj", "{5D1A3131-727A-4AC7-99F9-577DFCE3386D}"
EndProject
Project("{9A19103F-16F7-4668-BE54-9A1E7A4F7556}") = "Gateway.WebAPI", "Gateway.WebAPI\Gateway.WebAPI.csproj", "{7B9EF945-6355-46D3-8675-57D858F75D79}"
EndProject
Project("{9A19103F-16F7-4668-BE54-9A1E7A4F7556}") = "CrudMicroservice.WebApi", "CrudMicroservice.WebApi\CrudMicroservice.WebApi.csproj", "{B3FF2685-9D24-4AE0-A4DC-83A5EFD4FB83}"
EndProject
Project("{9A19103F-16F7-4668-BE54-9A1E7A4F7556}") = "CrudMicroservice.Data", "CrudMicroservice.Data\CrudMicroservice.Data.csproj", "{D9121296-DD26-4A73-A554-39BD856537F3}"
EndProject
Project("{9A19103F-16F7-4668-BE54-9A1E7A4F7556}") = "CrudMicroservice.Domain", "CrudMicroservice.Domain\CrudMicroservice.Domain.csproj", "{01AB612F-CAD9-44E8-BEDB-FBB6F37C3899}"
EndProject
Project("{9A19103F-16F7-4668-BE54-9A1E7A4F7556}") = "UnitTestApp.Tests", "UnitTestApp.Tests\UnitTestApp.Tests.csproj", "{4E1F0181-4A07-4306-98E3-8B03AC46FF5E}"
EndProject
Project("{9A19103F-16F7-4668-BE54-9A1E7A4F7556}") = "SearchMicroservice.Data", "SearchMicroservice.Data\SearchMicroservice.Data.csproj", "{4F50744C-EE75-40C3-B1B5-5FAE4A5ADD2A}"
EndProject
Project("{9A19103F-16F7-4668-BE54-9A1E7A4F7556}") = "SearchMicroservice.Domain", "SearchMicroservice.Domain\SearchMicroservice.Domain.csproj", "{4693EE6B-31CD-49AA-8F91-AE8ACAA5F9CC}"
EndProject
Project("{9A19103F-16F7-4668-BE54-9A1E7A4F7556}") = "SearchMicroservice.WebAPI", "SearchMicroservice.WebAPI\SearchMicroservice.WebAPI.csproj", "{2E03BC39-705E-4AA5-B5F7-84883DD8E450}"
EndProject
Project("{9A19103F-16F7-4668-BE54-9A1E7A4F7556}") = "RabbitMQConfig", "RabbitMQConfig\RabbitMQConfig.csproj", "{A0E5BBFA-DACD-4EA3-99B7-2421B144B4EA}"
EndProject
Project("{E53339B2-1760-4266-BCC7-CA923CBCF16C}") = "docker-compose", "docker-compose.dcproj", "{3C367291-52C3-450E-8A82-4C5E993BBD15}"
EndProject
Project("{9A19103F-16F7-4668-BE54-9A1E7A4F7556}") = "FileMicroservice.WebAPI", "FileMicroservice.WebAPI\FileMicroservice.WebAPI.csproj", "{338AECE8-B3BE-4BF9-AF52-88AC5C16FA1F}"
EndProject
Project("{9A19103F-16F7-4668-BE54-9A1E7A4F7556}") = "FileMicroservice.Data", "FileMicroservice.Data\FileMicroservice.Data.csproj", "{B8A30F44-9765-4D4E-8D28-76DBBF571B79}"
EndProject
Project("{9A19103F-16F7-4668-BE54-9A1E7A4F7556}") = "FileMicroservice.Domain", "FileMicroservice.Domain\FileMicroservice.Domain.csproj", "{FD0D8714-90A7-4B61-A2C2-809F8BFF3252}"
EndProject
Global
	GlobalSection(SolutionConfigurationPlatforms) = preSolution
		Debug|Any CPU = Debug|Any CPU
		Release|Any CPU = Release|Any CPU
	EndGlobalSection
	GlobalSection(ProjectConfigurationPlatforms) = postSolution
		{B0DD3007-FE10-4B85-B2F2-532D399923EC}.Debug|Any CPU.ActiveCfg = Debug|Any CPU
		{B0DD3007-FE10-4B85-B2F2-532D399923EC}.Debug|Any CPU.Build.0 = Debug|Any CPU
		{B0DD3007-FE10-4B85-B2F2-532D399923EC}.Release|Any CPU.ActiveCfg = Release|Any CPU
		{B0DD3007-FE10-4B85-B2F2-532D399923EC}.Release|Any CPU.Build.0 = Release|Any CPU
		{64164CB2-055A-433C-A02F-10F7619B7483}.Debug|Any CPU.ActiveCfg = Debug|Any CPU
		{64164CB2-055A-433C-A02F-10F7619B7483}.Debug|Any CPU.Build.0 = Debug|Any CPU
		{64164CB2-055A-433C-A02F-10F7619B7483}.Release|Any CPU.ActiveCfg = Release|Any CPU
		{64164CB2-055A-433C-A02F-10F7619B7483}.Release|Any CPU.Build.0 = Release|Any CPU
		{5D1A3131-727A-4AC7-99F9-577DFCE3386D}.Debug|Any CPU.ActiveCfg = Debug|Any CPU
		{5D1A3131-727A-4AC7-99F9-577DFCE3386D}.Debug|Any CPU.Build.0 = Debug|Any CPU
		{5D1A3131-727A-4AC7-99F9-577DFCE3386D}.Release|Any CPU.ActiveCfg = Release|Any CPU
		{5D1A3131-727A-4AC7-99F9-577DFCE3386D}.Release|Any CPU.Build.0 = Release|Any CPU
		{7B9EF945-6355-46D3-8675-57D858F75D79}.Debug|Any CPU.ActiveCfg = Debug|Any CPU
		{7B9EF945-6355-46D3-8675-57D858F75D79}.Debug|Any CPU.Build.0 = Debug|Any CPU
		{7B9EF945-6355-46D3-8675-57D858F75D79}.Release|Any CPU.ActiveCfg = Release|Any CPU
		{7B9EF945-6355-46D3-8675-57D858F75D79}.Release|Any CPU.Build.0 = Release|Any CPU
		{B3FF2685-9D24-4AE0-A4DC-83A5EFD4FB83}.Debug|Any CPU.ActiveCfg = Debug|Any CPU
		{B3FF2685-9D24-4AE0-A4DC-83A5EFD4FB83}.Debug|Any CPU.Build.0 = Debug|Any CPU
		{B3FF2685-9D24-4AE0-A4DC-83A5EFD4FB83}.Release|Any CPU.ActiveCfg = Release|Any CPU
		{B3FF2685-9D24-4AE0-A4DC-83A5EFD4FB83}.Release|Any CPU.Build.0 = Release|Any CPU
		{D9121296-DD26-4A73-A554-39BD856537F3}.Debug|Any CPU.ActiveCfg = Debug|Any CPU
		{D9121296-DD26-4A73-A554-39BD856537F3}.Debug|Any CPU.Build.0 = Debug|Any CPU
		{D9121296-DD26-4A73-A554-39BD856537F3}.Release|Any CPU.ActiveCfg = Release|Any CPU
		{D9121296-DD26-4A73-A554-39BD856537F3}.Release|Any CPU.Build.0 = Release|Any CPU
		{01AB612F-CAD9-44E8-BEDB-FBB6F37C3899}.Debug|Any CPU.ActiveCfg = Debug|Any CPU
		{01AB612F-CAD9-44E8-BEDB-FBB6F37C3899}.Debug|Any CPU.Build.0 = Debug|Any CPU
		{01AB612F-CAD9-44E8-BEDB-FBB6F37C3899}.Release|Any CPU.ActiveCfg = Release|Any CPU
		{01AB612F-CAD9-44E8-BEDB-FBB6F37C3899}.Release|Any CPU.Build.0 = Release|Any CPU
		{4E1F0181-4A07-4306-98E3-8B03AC46FF5E}.Debug|Any CPU.ActiveCfg = Debug|Any CPU
		{4E1F0181-4A07-4306-98E3-8B03AC46FF5E}.Debug|Any CPU.Build.0 = Debug|Any CPU
		{4E1F0181-4A07-4306-98E3-8B03AC46FF5E}.Release|Any CPU.ActiveCfg = Release|Any CPU
		{4E1F0181-4A07-4306-98E3-8B03AC46FF5E}.Release|Any CPU.Build.0 = Release|Any CPU
		{4F50744C-EE75-40C3-B1B5-5FAE4A5ADD2A}.Debug|Any CPU.ActiveCfg = Debug|Any CPU
		{4F50744C-EE75-40C3-B1B5-5FAE4A5ADD2A}.Debug|Any CPU.Build.0 = Debug|Any CPU
		{4F50744C-EE75-40C3-B1B5-5FAE4A5ADD2A}.Release|Any CPU.ActiveCfg = Release|Any CPU
		{4F50744C-EE75-40C3-B1B5-5FAE4A5ADD2A}.Release|Any CPU.Build.0 = Release|Any CPU
		{4693EE6B-31CD-49AA-8F91-AE8ACAA5F9CC}.Debug|Any CPU.ActiveCfg = Debug|Any CPU
		{4693EE6B-31CD-49AA-8F91-AE8ACAA5F9CC}.Debug|Any CPU.Build.0 = Debug|Any CPU
		{4693EE6B-31CD-49AA-8F91-AE8ACAA5F9CC}.Release|Any CPU.ActiveCfg = Release|Any CPU
		{4693EE6B-31CD-49AA-8F91-AE8ACAA5F9CC}.Release|Any CPU.Build.0 = Release|Any CPU
		{2E03BC39-705E-4AA5-B5F7-84883DD8E450}.Debug|Any CPU.ActiveCfg = Debug|Any CPU
		{2E03BC39-705E-4AA5-B5F7-84883DD8E450}.Debug|Any CPU.Build.0 = Debug|Any CPU
		{2E03BC39-705E-4AA5-B5F7-84883DD8E450}.Release|Any CPU.ActiveCfg = Release|Any CPU
		{2E03BC39-705E-4AA5-B5F7-84883DD8E450}.Release|Any CPU.Build.0 = Release|Any CPU
		{A0E5BBFA-DACD-4EA3-99B7-2421B144B4EA}.Debug|Any CPU.ActiveCfg = Debug|Any CPU
		{A0E5BBFA-DACD-4EA3-99B7-2421B144B4EA}.Debug|Any CPU.Build.0 = Debug|Any CPU
		{A0E5BBFA-DACD-4EA3-99B7-2421B144B4EA}.Release|Any CPU.ActiveCfg = Release|Any CPU
		{A0E5BBFA-DACD-4EA3-99B7-2421B144B4EA}.Release|Any CPU.Build.0 = Release|Any CPU
		{3C367291-52C3-450E-8A82-4C5E993BBD15}.Debug|Any CPU.ActiveCfg = Debug|Any CPU
		{3C367291-52C3-450E-8A82-4C5E993BBD15}.Debug|Any CPU.Build.0 = Debug|Any CPU
		{3C367291-52C3-450E-8A82-4C5E993BBD15}.Release|Any CPU.ActiveCfg = Release|Any CPU
		{3C367291-52C3-450E-8A82-4C5E993BBD15}.Release|Any CPU.Build.0 = Release|Any CPU
		{338AECE8-B3BE-4BF9-AF52-88AC5C16FA1F}.Debug|Any CPU.ActiveCfg = Debug|Any CPU
		{338AECE8-B3BE-4BF9-AF52-88AC5C16FA1F}.Debug|Any CPU.Build.0 = Debug|Any CPU
		{338AECE8-B3BE-4BF9-AF52-88AC5C16FA1F}.Release|Any CPU.ActiveCfg = Release|Any CPU
		{338AECE8-B3BE-4BF9-AF52-88AC5C16FA1F}.Release|Any CPU.Build.0 = Release|Any CPU
		{B8A30F44-9765-4D4E-8D28-76DBBF571B79}.Debug|Any CPU.ActiveCfg = Debug|Any CPU
		{B8A30F44-9765-4D4E-8D28-76DBBF571B79}.Debug|Any CPU.Build.0 = Debug|Any CPU
		{B8A30F44-9765-4D4E-8D28-76DBBF571B79}.Release|Any CPU.ActiveCfg = Release|Any CPU
		{B8A30F44-9765-4D4E-8D28-76DBBF571B79}.Release|Any CPU.Build.0 = Release|Any CPU
		{FD0D8714-90A7-4B61-A2C2-809F8BFF3252}.Debug|Any CPU.ActiveCfg = Debug|Any CPU
		{FD0D8714-90A7-4B61-A2C2-809F8BFF3252}.Debug|Any CPU.Build.0 = Debug|Any CPU
		{FD0D8714-90A7-4B61-A2C2-809F8BFF3252}.Release|Any CPU.ActiveCfg = Release|Any CPU
		{FD0D8714-90A7-4B61-A2C2-809F8BFF3252}.Release|Any CPU.Build.0 = Release|Any CPU
	EndGlobalSection
	GlobalSection(SolutionProperties) = preSolution
		HideSolutionNode = FALSE
	EndGlobalSection
	GlobalSection(ExtensibilityGlobals) = postSolution
		SolutionGuid = {04C59463-AF78-4852-85C6-932854C54384}
	EndGlobalSection
EndGlobal
