
Microsoft Visual Studio Solution File, Format Version 12.00
# Visual Studio Version 16
VisualStudioVersion = 16.0.31105.61
MinimumVisualStudioVersion = 10.0.40219.1
Project("{9A19103F-16F7-4668-BE54-9A1E7A4F7556}") = "AccountService.WebApi", "AccountService.WebApi\AccountService.WebApi.csproj", "{E05FA47D-B8C9-4AF8-B150-F4005887AFFC}"
EndProject
Project("{9A19103F-16F7-4668-BE54-9A1E7A4F7556}") = "AccountService.Data", "AccountService.Data\AccountService.Data.csproj", "{11E0D610-D53C-4916-BF94-6B68730C70CD}"
EndProject
Project("{9A19103F-16F7-4668-BE54-9A1E7A4F7556}") = "AccountService.Domain", "AccountService.Domain\AccountService.Domain.csproj", "{140FB881-3ECF-4342-B260-796886CC44CF}"
EndProject
Project("{9A19103F-16F7-4668-BE54-9A1E7A4F7556}") = "ProtocolService.Data", "ProtocolService.Data\ProtocolService.Data.csproj", "{3E00FA21-88A3-480E-BF01-71A4FCC21834}"
EndProject
Project("{9A19103F-16F7-4668-BE54-9A1E7A4F7556}") = "ProtocolService.Domain", "ProtocolService.Domain\ProtocolService.Domain.csproj", "{73CF0DD2-D4AB-4143-A75E-4B952D5A9406}"
EndProject
Project("{FAE04EC0-301F-11D3-BF4B-00C04F79EFBC}") = "ProtocolService.WebApi", "ProtocolService.WebApi\ProtocolService.WebApi.csproj", "{1D7624DC-3F3B-4995-9EA4-74F809A58043}"
EndProject
Global
	GlobalSection(SolutionConfigurationPlatforms) = preSolution
		Debug|Any CPU = Debug|Any CPU
		Release|Any CPU = Release|Any CPU
	EndGlobalSection
	GlobalSection(ProjectConfigurationPlatforms) = postSolution
		{E05FA47D-B8C9-4AF8-B150-F4005887AFFC}.Debug|Any CPU.ActiveCfg = Debug|Any CPU
		{E05FA47D-B8C9-4AF8-B150-F4005887AFFC}.Debug|Any CPU.Build.0 = Debug|Any CPU
		{E05FA47D-B8C9-4AF8-B150-F4005887AFFC}.Release|Any CPU.ActiveCfg = Release|Any CPU
		{E05FA47D-B8C9-4AF8-B150-F4005887AFFC}.Release|Any CPU.Build.0 = Release|Any CPU
		{11E0D610-D53C-4916-BF94-6B68730C70CD}.Debug|Any CPU.ActiveCfg = Debug|Any CPU
		{11E0D610-D53C-4916-BF94-6B68730C70CD}.Debug|Any CPU.Build.0 = Debug|Any CPU
		{11E0D610-D53C-4916-BF94-6B68730C70CD}.Release|Any CPU.ActiveCfg = Release|Any CPU
		{11E0D610-D53C-4916-BF94-6B68730C70CD}.Release|Any CPU.Build.0 = Release|Any CPU
		{140FB881-3ECF-4342-B260-796886CC44CF}.Debug|Any CPU.ActiveCfg = Debug|Any CPU
		{140FB881-3ECF-4342-B260-796886CC44CF}.Debug|Any CPU.Build.0 = Debug|Any CPU
		{140FB881-3ECF-4342-B260-796886CC44CF}.Release|Any CPU.ActiveCfg = Release|Any CPU
		{140FB881-3ECF-4342-B260-796886CC44CF}.Release|Any CPU.Build.0 = Release|Any CPU
		{3E00FA21-88A3-480E-BF01-71A4FCC21834}.Debug|Any CPU.ActiveCfg = Debug|Any CPU
		{3E00FA21-88A3-480E-BF01-71A4FCC21834}.Debug|Any CPU.Build.0 = Debug|Any CPU
		{3E00FA21-88A3-480E-BF01-71A4FCC21834}.Release|Any CPU.ActiveCfg = Release|Any CPU
		{3E00FA21-88A3-480E-BF01-71A4FCC21834}.Release|Any CPU.Build.0 = Release|Any CPU
		{73CF0DD2-D4AB-4143-A75E-4B952D5A9406}.Debug|Any CPU.ActiveCfg = Debug|Any CPU
		{73CF0DD2-D4AB-4143-A75E-4B952D5A9406}.Debug|Any CPU.Build.0 = Debug|Any CPU
		{73CF0DD2-D4AB-4143-A75E-4B952D5A9406}.Release|Any CPU.ActiveCfg = Release|Any CPU
		{73CF0DD2-D4AB-4143-A75E-4B952D5A9406}.Release|Any CPU.Build.0 = Release|Any CPU
		{1D7624DC-3F3B-4995-9EA4-74F809A58043}.Debug|Any CPU.ActiveCfg = Debug|Any CPU
		{1D7624DC-3F3B-4995-9EA4-74F809A58043}.Debug|Any CPU.Build.0 = Debug|Any CPU
		{1D7624DC-3F3B-4995-9EA4-74F809A58043}.Release|Any CPU.ActiveCfg = Release|Any CPU
		{1D7624DC-3F3B-4995-9EA4-74F809A58043}.Release|Any CPU.Build.0 = Release|Any CPU
	EndGlobalSection
	GlobalSection(SolutionProperties) = preSolution
		HideSolutionNode = FALSE
	EndGlobalSection
	GlobalSection(ExtensibilityGlobals) = postSolution
		SolutionGuid = {04C59463-AF78-4852-85C6-932854C54384}
	EndGlobalSection
EndGlobal
